
Microsoft Visual Studio Solution File, Format Version 12.00
# Visual Studio Version 17
VisualStudioVersion = 17.14.36127.28 d17.14
MinimumVisualStudioVersion = 10.0.40219.1
Project("{FAE04EC0-301F-11D3-BF4B-00C04F79EFBC}") = "EcommerceSytsem", "EcommerceSytsem\EcommerceSytsem.csproj", "{E64ADB3D-3219-4198-9FE3-15D79406F6A7}"
EndProject
Project("{FAE04EC0-301F-11D3-BF4B-00C04F79EFBC}") = "EcommerceSystemTests", "EcommerceSystemTests\EcommerceSystemTests.csproj", "{01711646-2F8B-414B-BE17-785CE57FBF98}"
EndProject
Global
	GlobalSection(SolutionConfigurationPlatforms) = preSolution
		Debug|Any CPU = Debug|Any CPU
		Release|Any CPU = Release|Any CPU
	EndGlobalSection
	GlobalSection(ProjectConfigurationPlatforms) = postSolution
		{E64ADB3D-3219-4198-9FE3-15D79406F6A7}.Debug|Any CPU.ActiveCfg = Debug|Any CPU
		{E64ADB3D-3219-4198-9FE3-15D79406F6A7}.Debug|Any CPU.Build.0 = Debug|Any CPU
		{E64ADB3D-3219-4198-9FE3-15D79406F6A7}.Release|Any CPU.ActiveCfg = Release|Any CPU
		{E64ADB3D-3219-4198-9FE3-15D79406F6A7}.Release|Any CPU.Build.0 = Release|Any CPU
		{01711646-2F8B-414B-BE17-785CE57FBF98}.Debug|Any CPU.ActiveCfg = Debug|Any CPU
		{01711646-2F8B-414B-BE17-785CE57FBF98}.Debug|Any CPU.Build.0 = Debug|Any CPU
		{01711646-2F8B-414B-BE17-785CE57FBF98}.Release|Any CPU.ActiveCfg = Release|Any CPU
		{01711646-2F8B-414B-BE17-785CE57FBF98}.Release|Any CPU.Build.0 = Release|Any CPU
	EndGlobalSection
	GlobalSection(SolutionProperties) = preSolution
		HideSolutionNode = FALSE
	EndGlobalSection
	GlobalSection(ExtensibilityGlobals) = postSolution
		SolutionGuid = {9B105C5C-C391-4F37-AF05-FCF9005FEE95}
	EndGlobalSection
EndGlobal
